Microsoft Visual Studio Solution File, Format Version 12.00
# Visual Studio Version 17
VisualStudioVersion = 17.5.2.0
MinimumVisualStudioVersion = 10.0.40219.1
Project("{FAE04EC0-301F-11D3-BF4B-00C04F79EFBC}") = "MyASCS", "MyASCS.csproj", "{D81B2FAC-4F73-D2B4-0B3B-90B74BC8C467}"
EndProject
Global
	GlobalSection(SolutionConfigurationPlatforms) = preSolution
		Debug|Any CPU = Debug|Any CPU
		Release|Any CPU = Release|Any CPU
	EndGlobalSection
	GlobalSection(ProjectConfigurationPlatforms) = postSolution
		{D81B2FAC-4F73-D2B4-0B3B-90B74BC8C467}.Debug|Any CPU.ActiveCfg = Debug|Any CPU
		{D81B2FAC-4F73-D2B4-0B3B-90B74BC8C467}.Debug|Any CPU.Build.0 = Debug|Any CPU
		{D81B2FAC-4F73-D2B4-0B3B-90B74BC8C467}.Release|Any CPU.ActiveCfg = Release|Any CPU
		{D81B2FAC-4F73-D2B4-0B3B-90B74BC8C467}.Release|Any CPU.Build.0 = Release|Any CPU
	EndGlobalSection
	GlobalSection(SolutionProperties) = preSolution
		HideSolutionNode = FALSE
	EndGlobalSection
	GlobalSection(ExtensibilityGlobals) = postSolution
		SolutionGuid = {6E72FF08-FF73-459F-AEB9-E9C2EC4EC838}
	EndGlobalSection
EndGlobal
